Microsoft Visual Studio Solution File, Format Version 11.00
# Visual Studio 2008

Project("{91CA9B86-E6CC-18DC-0C7C-E84B1B149149}") = "Main Menu 2", "Assembly-CSharp-firstpass.csproj", "{E5ED74B3-20B2-BE95-0495-1A33D31FA74B}"
EndProject
Project("{91CA9B86-E6CC-18DC-0C7C-E84B1B149149}") = "Main Menu 2", "Assembly-CSharp.csproj", "{9519A74C-A73B-1D32-B862-7D2F2DC7AEC0}"
EndProject
Project("{91CA9B86-E6CC-18DC-0C7C-E84B1B149149}") = "Main Menu 2", "Assembly-CSharp-Editor.csproj", "{E0B3D436-11A4-9F52-B10D-6911266C7EC8}"
EndProject
Global
	GlobalSection(SolutionConfigurationPlatforms) = preSolution
		Debug|Any CPU = Debug|Any CPU
		Release|Any CPU = Release|Any CPU
	EndGlobalSection
	GlobalSection(ProjectConfigurationPlatforms) = postSolution
		{E5ED74B3-20B2-BE95-0495-1A33D31FA74B}.Debug|Any CPU.ActiveCfg = Debug|Any CPU
		{E5ED74B3-20B2-BE95-0495-1A33D31FA74B}.Debug|Any CPU.Build.0 = Debug|Any CPU
		{E5ED74B3-20B2-BE95-0495-1A33D31FA74B}.Release|Any CPU.ActiveCfg = Release|Any CPU
		{E5ED74B3-20B2-BE95-0495-1A33D31FA74B}.Release|Any CPU.Build.0 = Release|Any CPU
		{9519A74C-A73B-1D32-B862-7D2F2DC7AEC0}.Debug|Any CPU.ActiveCfg = Debug|Any CPU
		{9519A74C-A73B-1D32-B862-7D2F2DC7AEC0}.Debug|Any CPU.Build.0 = Debug|Any CPU
		{9519A74C-A73B-1D32-B862-7D2F2DC7AEC0}.Release|Any CPU.ActiveCfg = Release|Any CPU
		{9519A74C-A73B-1D32-B862-7D2F2DC7AEC0}.Release|Any CPU.Build.0 = Release|Any CPU
		{E0B3D436-11A4-9F52-B10D-6911266C7EC8}.Debug|Any CPU.ActiveCfg = Debug|Any CPU
		{E0B3D436-11A4-9F52-B10D-6911266C7EC8}.Debug|Any CPU.Build.0 = Debug|Any CPU
		{E0B3D436-11A4-9F52-B10D-6911266C7EC8}.Release|Any CPU.ActiveCfg = Release|Any CPU
		{E0B3D436-11A4-9F52-B10D-6911266C7EC8}.Release|Any CPU.Build.0 = Release|Any CPU
	EndGlobalSection
	GlobalSection(SolutionProperties) = preSolution
		HideSolutionNode = FALSE
	EndGlobalSection
	GlobalSection(MonoDevelopProperties) = preSolution
		StartupItem = Assembly-CSharp.csproj
	EndGlobalSection
EndGlobal
